
Microsoft Visual Studio Solution File, Format Version 12.00
# Visual Studio Version 17
Project("{8BC9CEB8-8B4A-11D0-8D11-00A0C91BC942}") = "ALL_BUILD", "ALL_BUILD.vcxproj", "{661E2ECC-9736-3919-9193-BDBE8F736BC1}"
	ProjectSection(ProjectDependencies) = postProject
		{4438A1A5-C82E-3301-8AF0-B40AE7DCDBD4} = {4438A1A5-C82E-3301-8AF0-B40AE7DCDBD4}
		{F53CEB45-40E3-3263-B918-D2E6ADB4457E} = {F53CEB45-40E3-3263-B918-D2E6ADB4457E}
		{741D2FBC-6B34-37DE-9EAD-14C8F5854BCC} = {741D2FBC-6B34-37DE-9EAD-14C8F5854BCC}
		{6E00968E-EB07-3D96-A564-67ACB67C010B} = {6E00968E-EB07-3D96-A564-67ACB67C010B}
	EndProjectSection
EndProject
Project("{8BC9CEB8-8B4A-11D0-8D11-00A0C91BC942}") = "ZERO_CHECK", "ZERO_CHECK.vcxproj", "{4438A1A5-C82E-3301-8AF0-B40AE7DCDBD4}"
	ProjectSection(ProjectDependencies) = postProject
	EndProjectSection
EndProject
Project("{8BC9CEB8-8B4A-11D0-8D11-00A0C91BC942}") = "test_common", "test_common.vcxproj", "{F53CEB45-40E3-3263-B918-D2E6ADB4457E}"
	ProjectSection(ProjectDependencies) = postProject
		{4438A1A5-C82E-3301-8AF0-B40AE7DCDBD4} = {4438A1A5-C82E-3301-8AF0-B40AE7DCDBD4}
	EndProjectSection
EndProject
Project("{8BC9CEB8-8B4A-11D0-8D11-00A0C91BC942}") = "test_logger", "test_logger.vcxproj", "{741D2FBC-6B34-37DE-9EAD-14C8F5854BCC}"
	ProjectSection(ProjectDependencies) = postProject
		{4438A1A5-C82E-3301-8AF0-B40AE7DCDBD4} = {4438A1A5-C82E-3301-8AF0-B40AE7DCDBD4}
	EndProjectSection
EndProject
Project("{8BC9CEB8-8B4A-11D0-8D11-00A0C91BC942}") = "test_threadpool", "test_threadpool.vcxproj", "{6E00968E-EB07-3D96-A564-67ACB67C010B}"
	ProjectSection(ProjectDependencies) = postProject
		{4438A1A5-C82E-3301-8AF0-B40AE7DCDBD4} = {4438A1A5-C82E-3301-8AF0-B40AE7DCDBD4}
	EndProjectSection
EndProject
Global
	GlobalSection(SolutionConfigurationPlatforms) = preSolution
		Debug|x64 = Debug|x64
		Release|x64 = Release|x64
		MinSizeRel|x64 = MinSizeRel|x64
		RelWithDebInfo|x64 = RelWithDebInfo|x64
	EndGlobalSection
	GlobalSection(ProjectConfigurationPlatforms) = postSolution
		{661E2ECC-9736-3919-9193-BDBE8F736BC1}.Debug|x64.ActiveCfg = Debug|x64
		{661E2ECC-9736-3919-9193-BDBE8F736BC1}.Release|x64.ActiveCfg = Release|x64
		{661E2ECC-9736-3919-9193-BDBE8F736BC1}.MinSizeRel|x64.ActiveCfg = MinSizeRel|x64
		{661E2ECC-9736-3919-9193-BDBE8F736BC1}.RelWithDebInfo|x64.ActiveCfg = RelWithDebInfo|x64
		{4438A1A5-C82E-3301-8AF0-B40AE7DCDBD4}.Debug|x64.ActiveCfg = Debug|x64
		{4438A1A5-C82E-3301-8AF0-B40AE7DCDBD4}.Debug|x64.Build.0 = Debug|x64
		{4438A1A5-C82E-3301-8AF0-B40AE7DCDBD4}.Release|x64.ActiveCfg = Release|x64
		{4438A1A5-C82E-3301-8AF0-B40AE7DCDBD4}.Release|x64.Build.0 = Release|x64
		{4438A1A5-C82E-3301-8AF0-B40AE7DCDBD4}.MinSizeRel|x64.ActiveCfg = MinSizeRel|x64
		{4438A1A5-C82E-3301-8AF0-B40AE7DCDBD4}.MinSizeRel|x64.Build.0 = MinSizeRel|x64
		{4438A1A5-C82E-3301-8AF0-B40AE7DCDBD4}.RelWithDebInfo|x64.ActiveCfg = RelWithDebInfo|x64
		{4438A1A5-C82E-3301-8AF0-B40AE7DCDBD4}.RelWithDebInfo|x64.Build.0 = RelWithDebInfo|x64
		{F53CEB45-40E3-3263-B918-D2E6ADB4457E}.Debug|x64.ActiveCfg = Debug|x64
		{F53CEB45-40E3-3263-B918-D2E6ADB4457E}.Debug|x64.Build.0 = Debug|x64
		{F53CEB45-40E3-3263-B918-D2E6ADB4457E}.Release|x64.ActiveCfg = Release|x64
		{F53CEB45-40E3-3263-B918-D2E6ADB4457E}.Release|x64.Build.0 = Release|x64
		{F53CEB45-40E3-3263-B918-D2E6ADB4457E}.MinSizeRel|x64.ActiveCfg = MinSizeRel|x64
		{F53CEB45-40E3-3263-B918-D2E6ADB4457E}.MinSizeRel|x64.Build.0 = MinSizeRel|x64
		{F53CEB45-40E3-3263-B918-D2E6ADB4457E}.RelWithDebInfo|x64.ActiveCfg = RelWithDebInfo|x64
		{F53CEB45-40E3-3263-B918-D2E6ADB4457E}.RelWithDebInfo|x64.Build.0 = RelWithDebInfo|x64
		{741D2FBC-6B34-37DE-9EAD-14C8F5854BCC}.Debug|x64.ActiveCfg = Debug|x64
		{741D2FBC-6B34-37DE-9EAD-14C8F5854BCC}.Debug|x64.Build.0 = Debug|x64
		{741D2FBC-6B34-37DE-9EAD-14C8F5854BCC}.Release|x64.ActiveCfg = Release|x64
		{741D2FBC-6B34-37DE-9EAD-14C8F5854BCC}.Release|x64.Build.0 = Release|x64
		{741D2FBC-6B34-37DE-9EAD-14C8F5854BCC}.MinSizeRel|x64.ActiveCfg = MinSizeRel|x64
		{741D2FBC-6B34-37DE-9EAD-14C8F5854BCC}.MinSizeRel|x64.Build.0 = MinSizeRel|x64
		{741D2FBC-6B34-37DE-9EAD-14C8F5854BCC}.RelWithDebInfo|x64.ActiveCfg = RelWithDebInfo|x64
		{741D2FBC-6B34-37DE-9EAD-14C8F5854BCC}.RelWithDebInfo|x64.Build.0 = RelWithDebInfo|x64
		{6E00968E-EB07-3D96-A564-67ACB67C010B}.Debug|x64.ActiveCfg = Debug|x64
		{6E00968E-EB07-3D96-A564-67ACB67C010B}.Debug|x64.Build.0 = Debug|x64
		{6E00968E-EB07-3D96-A564-67ACB67C010B}.Release|x64.ActiveCfg = Release|x64
		{6E00968E-EB07-3D96-A564-67ACB67C010B}.Release|x64.Build.0 = Release|x64
		{6E00968E-EB07-3D96-A564-67ACB67C010B}.MinSizeRel|x64.ActiveCfg = MinSizeRel|x64
		{6E00968E-EB07-3D96-A564-67ACB67C010B}.MinSizeRel|x64.Build.0 = MinSizeRel|x64
		{6E00968E-EB07-3D96-A564-67ACB67C010B}.RelWithDebInfo|x64.ActiveCfg = RelWithDebInfo|x64
		{6E00968E-EB07-3D96-A564-67ACB67C010B}.RelWithDebInfo|x64.Build.0 = RelWithDebInfo|x64
	EndGlobalSection
	GlobalSection(ExtensibilityGlobals) = postSolution
		SolutionGuid = {F7F28FBE-4F2E-3190-B60E-81FEA62C624A}
	EndGlobalSection
	GlobalSection(ExtensibilityAddIns) = postSolution
	EndGlobalSection
EndGlobal
